{
  "version": 4,
  "terraform_version": "1.8.5",
  "serial": 66,
  "lineage": "9ec137df-4692-9736-0663-3c8e4803f97f",
  "outputs": {},
  "resources": [
    {
      "mode": "managed",
      "type": "aws_api_gateway_method",
      "name": "method",
      "provider": "provider[\"registry.terraform.io/hashicorp/aws\"]",
      "instances": [
        {
          "schema_version": 0,
          "attributes": {
            "api_key_required": false,
            "authorization": "NONE",
            "authorization_scopes": null,
            "authorizer_id": null,
            "http_method": "POST",
            "id": "agm-j3j8mrwxtg-20gnwd-POST",
            "operation_name": null,
            "request_models": null,
            "request_parameters": null,
            "request_validator_id": null,
            "resource_id": "20gnwd",
            "rest_api_id": "j3j8mrwxtg"
          },
          "sensitive_attributes": [],
          "private": "bnVsbA==",
          "dependencies": [
            "aws_api_gateway_resource.resource",
            "aws_api_gateway_rest_api.api"
          ]
        }
      ]
    },
    {
      "mode": "managed",
      "type": "aws_api_gateway_resource",
      "name": "resource",
      "provider": "provider[\"registry.terraform.io/hashicorp/aws\"]",
      "instances": [
        {
          "schema_version": 0,
          "attributes": {
            "id": "20gnwd",
            "parent_id": "sysastr9u3",
            "path": "/example",
            "path_part": "example",
            "rest_api_id": "j3j8mrwxtg"
          },
          "sensitive_attributes": [],
          "private": "bnVsbA==",
          "dependencies": [
            "aws_api_gateway_rest_api.api"
          ]
        }
      ]
    },
    {
      "mode": "managed",
      "type": "aws_api_gateway_rest_api",
      "name": "api",
      "provider": "provider[\"registry.terraform.io/hashicorp/aws\"]",
      "instances": [
        {
          "schema_version": 0,
          "attributes": {
            "api_key_source": "HEADER",
            "arn": "arn:aws:apigateway:us-east-1::/restapis/j3j8mrwxtg",
            "binary_media_types": [],
            "body": null,
            "created_date": "2024-08-27T09:20:11Z",
            "description": "API Gateway for Lambda",
            "disable_execute_api_endpoint": false,
            "endpoint_configuration": [
              {
                "types": [
                  "EDGE"
                ],
                "vpc_endpoint_ids": []
              }
            ],
            "execution_arn": "arn:aws:execute-api:us-east-1:846338211683:j3j8mrwxtg",
            "fail_on_warnings": null,
            "id": "j3j8mrwxtg",
            "minimum_compression_size": "",
            "name": "api-gw",
            "parameters": null,
            "policy": "",
            "put_rest_api_mode": null,
            "root_resource_id": "sysastr9u3",
            "tags": null,
            "tags_all": {}
          },
          "sensitive_attributes": [],
          "private": "bnVsbA=="
        }
      ]
    },
    {
      "mode": "managed",
      "type": "aws_iam_role",
      "name": "lambda_role",
      "provider": "provider[\"registry.terraform.io/hashicorp/aws\"]",
      "instances": [
        {
          "schema_version": 0,
          "attributes": {
            "arn": "arn:aws:iam::846338211683:role/lambda_role",
            "assume_role_policy": "{\"Statement\":[{\"Action\":\"sts:AssumeRole\",\"Effect\":\"Allow\",\"Principal\":{\"Service\":\"lambda.amazonaws.com\"}}],\"Version\":\"2012-10-17\"}",
            "create_date": "2024-08-27T09:20:11Z",
            "description": "",
            "force_detach_policies": false,
            "id": "lambda_role",
            "inline_policy": [],
            "managed_policy_arns": [],
            "max_session_duration": 3600,
            "name": "lambda_role",
            "name_prefix": "",
            "path": "/",
            "permissions_boundary": "",
            "tags": null,
            "tags_all": {},
            "unique_id": "AROA4KDNQH5RTF2Q4Z4LF"
          },
          "sensitive_attributes": [],
          "private": "bnVsbA=="
        }
      ]
    },
    {
      "mode": "managed",
      "type": "aws_iam_role_policy_attachment",
      "name": "lambda_policy_attachment",
      "provider": "provider[\"registry.terraform.io/hashicorp/aws\"]",
      "instances": [
        {
          "schema_version": 0,
          "attributes": {
            "id": "lambda_role-20240827092012822400000001",
            "policy_arn": "arn:aws:iam::aws:policy/service-role/AWSLambdaBasicExecutionRole",
            "role": "lambda_role"
          },
          "sensitive_attributes": [],
          "private": "bnVsbA==",
          "dependencies": [
            "aws_iam_role.lambda_role"
          ]
        }
      ]
    },
    {
      "mode": "managed",
      "type": "aws_s3_bucket",
      "name": "s3_bucket",
      "provider": "provider[\"registry.terraform.io/hashicorp/aws\"]",
      "instances": [
        {
          "schema_version": 0,
          "attributes": {
            "acceleration_status": "",
            "acl": null,
            "arn": "arn:aws:s3:::s3-resize-daotq1",
            "bucket": "s3-resize-daotq1",
            "bucket_domain_name": "s3-resize-daotq1.s3.amazonaws.com",
            "bucket_prefix": "",
            "bucket_regional_domain_name": "s3-resize-daotq1.s3.us-east-1.amazonaws.com",
            "cors_rule": [],
            "force_destroy": false,
            "grant": [
              {
                "id": "e9fe803ea2f5298169d730e309ca283cbb326fe82a9cad53313b01b4818bb915",
                "permissions": [
                  "FULL_CONTROL"
                ],
                "type": "CanonicalUser",
                "uri": ""
              }
            ],
            "hosted_zone_id": "Z3AQBSTGFYJSTF",
            "id": "s3-resize-daotq1",
            "lifecycle_rule": [],
            "logging": [],
            "object_lock_configuration": [],
            "object_lock_enabled": false,
            "policy": "",
            "region": "us-east-1",
            "replication_configuration": [],
            "request_payer": "BucketOwner",
            "server_side_encryption_configuration": [
              {
                "rule": [
                  {
                    "apply_server_side_encryption_by_default": [
                      {
                        "kms_master_key_id": "",
                        "sse_algorithm": "AES256"
                      }
                    ],
                    "bucket_key_enabled": false
                  }
                ]
              }
            ],
            "tags": {
              "Environment": "dev",
              "Name": "example-bucket"
            },
            "tags_all": {
              "Environment": "dev",
              "Name": "example-bucket"
            },
            "timeouts": null,
            "versioning": [
              {
                "enabled": false,
                "mfa_delete": false
              }
            ],
            "website": [],
            "website_domain": null,
            "website_endpoint": null
          },
          "sensitive_attributes": [],
          "private": "eyJlMmJmYjczMC1lY2FhLTExZTYtOGY4OC0zNDM2M2JjN2M0YzAiOnsiY3JlYXRlIjoxMjAwMDAwMDAwMDAwLCJkZWxldGUiOjM2MDAwMDAwMDAwMDAsInJlYWQiOjEyMDAwMDAwMDAwMDAsInVwZGF0ZSI6MTIwMDAwMDAwMDAwMH19"
        }
      ]
    }
  ],
  "check_results": null
}
